
Microsoft Visual Studio Solution File, Format Version 12.00
# Visual Studio 14
VisualStudioVersion = 14.0.25420.1
MinimumVisualStudioVersion = 10.0.40219.1
Project("{FAE04EC0-301F-11D3-BF4B-00C04F79EFBC}") = "WiiMix.Wpf", "WiiMix.Wpf\WiiMix.Wpf.csproj", "{AB737F17-C4D2-4239-ACD0-2CFDD0A0E087}"
EndProject
Project("{FAE04EC0-301F-11D3-BF4B-00C04F79EFBC}") = "WiiMix.SaleInventory", "WiiMix.SaleInventory\WiiMix.SaleInventory.csproj", "{E3C8657B-E987-46FE-8F76-143ADEABF472}"
EndProject
Project("{FAE04EC0-301F-11D3-BF4B-00C04F79EFBC}") = "WiiMix.Data", "WiiMix.Data\WiiMix.Data.csproj", "{DD2F79D9-F976-48C1-8456-9A2BB2AA6B45}"
EndProject
Project("{FAE04EC0-301F-11D3-BF4B-00C04F79EFBC}") = "WiiMix.SaleInventory.Service", "WiiMix.SaleInventory.Service\WiiMix.SaleInventory.Service.csproj", "{07B9559C-C13F-4C10-8970-56599D6BCE0F}"
EndProject
Project("{FAE04EC0-301F-11D3-BF4B-00C04F79EFBC}") = "WiiMix.Business.Model", "WiiMix.Business.Model\WiiMix.Business.Model.csproj", "{DA8819F6-BFC4-4E55-B8F7-5FEB278D10DB}"
EndProject
Global
	GlobalSection(SolutionConfigurationPlatforms) = preSolution
		Debug|Any CPU = Debug|Any CPU
		Release|Any CPU = Release|Any CPU
	EndGlobalSection
	GlobalSection(ProjectConfigurationPlatforms) = postSolution
		{AB737F17-C4D2-4239-ACD0-2CFDD0A0E087}.Debug|Any CPU.ActiveCfg = Debug|Any CPU
		{AB737F17-C4D2-4239-ACD0-2CFDD0A0E087}.Debug|Any CPU.Build.0 = Debug|Any CPU
		{AB737F17-C4D2-4239-ACD0-2CFDD0A0E087}.Release|Any CPU.ActiveCfg = Release|Any CPU
		{AB737F17-C4D2-4239-ACD0-2CFDD0A0E087}.Release|Any CPU.Build.0 = Release|Any CPU
		{E3C8657B-E987-46FE-8F76-143ADEABF472}.Debug|Any CPU.ActiveCfg = Debug|Any CPU
		{E3C8657B-E987-46FE-8F76-143ADEABF472}.Debug|Any CPU.Build.0 = Debug|Any CPU
		{E3C8657B-E987-46FE-8F76-143ADEABF472}.Release|Any CPU.ActiveCfg = Release|Any CPU
		{E3C8657B-E987-46FE-8F76-143ADEABF472}.Release|Any CPU.Build.0 = Release|Any CPU
		{DD2F79D9-F976-48C1-8456-9A2BB2AA6B45}.Debug|Any CPU.ActiveCfg = Debug|Any CPU
		{DD2F79D9-F976-48C1-8456-9A2BB2AA6B45}.Debug|Any CPU.Build.0 = Debug|Any CPU
		{DD2F79D9-F976-48C1-8456-9A2BB2AA6B45}.Release|Any CPU.ActiveCfg = Release|Any CPU
		{DD2F79D9-F976-48C1-8456-9A2BB2AA6B45}.Release|Any CPU.Build.0 = Release|Any CPU
		{07B9559C-C13F-4C10-8970-56599D6BCE0F}.Debug|Any CPU.ActiveCfg = Debug|Any CPU
		{07B9559C-C13F-4C10-8970-56599D6BCE0F}.Debug|Any CPU.Build.0 = Debug|Any CPU
		{07B9559C-C13F-4C10-8970-56599D6BCE0F}.Release|Any CPU.ActiveCfg = Release|Any CPU
		{07B9559C-C13F-4C10-8970-56599D6BCE0F}.Release|Any CPU.Build.0 = Release|Any CPU
		{DA8819F6-BFC4-4E55-B8F7-5FEB278D10DB}.Debug|Any CPU.ActiveCfg = Debug|Any CPU
		{DA8819F6-BFC4-4E55-B8F7-5FEB278D10DB}.Debug|Any CPU.Build.0 = Debug|Any CPU
		{DA8819F6-BFC4-4E55-B8F7-5FEB278D10DB}.Release|Any CPU.ActiveCfg = Release|Any CPU
		{DA8819F6-BFC4-4E55-B8F7-5FEB278D10DB}.Release|Any CPU.Build.0 = Release|Any CPU
	EndGlobalSection
	GlobalSection(SolutionProperties) = preSolution
		HideSolutionNode = FALSE
	EndGlobalSection
EndGlobal
